
Microsoft Visual Studio Solution File, Format Version 12.00
# Visual Studio Version 17
VisualStudioVersion = 17.1.32328.378
MinimumVisualStudioVersion = 10.0.40219.1
Project("{FAE04EC0-301F-11D3-BF4B-00C04F79EFBC}") = "Ejercicio1", "Ejercicio1\Ejercicio1.csproj", "{AB509FA2-0ACD-4D57-8329-8AFB85EE5B27}"
EndProject
Project("{FAE04EC0-301F-11D3-BF4B-00C04F79EFBC}") = "Ejercicio2", "Ejercicio2\Ejercicio2.csproj", "{D3375B8B-0150-4C0D-94D1-38E9976C4FC3}"
EndProject
Project("{FAE04EC0-301F-11D3-BF4B-00C04F79EFBC}") = "Ejercicio3", "Ejercicio3\Ejercicio3.csproj", "{C9B9FE52-AD73-4DE3-8E51-EFE12C838AB7}"
EndProject
Project("{FAE04EC0-301F-11D3-BF4B-00C04F79EFBC}") = "Ejercicio4", "Ejercicio4\Ejercicio4.csproj", "{F79B7CE7-A0E3-4894-8042-E4BD0C790FD1}"
EndProject
Project("{FAE04EC0-301F-11D3-BF4B-00C04F79EFBC}") = "Ejercicio5", "Ejercicio5\Ejercicio5.csproj", "{128A9780-9955-458E-B3AE-6BA1758A15B8}"
EndProject
Project("{FAE04EC0-301F-11D3-BF4B-00C04F79EFBC}") = "Ejercicio6", "Ejercicio6\Ejercicio6.csproj", "{B4C0DD18-741F-42DA-BAE7-3B7FF0DED0AB}"
EndProject
Project("{FAE04EC0-301F-11D3-BF4B-00C04F79EFBC}") = "Ejercicio7", "Ejercicio7\Ejercicio7.csproj", "{1DB62D0E-2D7B-4F7C-AC10-AC7CAECC03F3}"
EndProject
Project("{FAE04EC0-301F-11D3-BF4B-00C04F79EFBC}") = "Ejercicio8", "Ejercicio8\Ejercicio8.csproj", "{4633E130-53DA-4D0A-9375-A59D34540FE4}"
EndProject
Project("{FAE04EC0-301F-11D3-BF4B-00C04F79EFBC}") = "Ejercicio9", "Ejercicio9\Ejercicio9.csproj", "{6440153F-7315-448E-98E6-A8D0B393873F}"
EndProject
Project("{FAE04EC0-301F-11D3-BF4B-00C04F79EFBC}") = "Ejercicio10", "Ejercicio10\Ejercicio10.csproj", "{344292CC-AA64-4491-B638-D48BAD2AFCCE}"
EndProject
Project("{FAE04EC0-301F-11D3-BF4B-00C04F79EFBC}") = "Ejercicio11", "Ejercicio11\Ejercicio11.csproj", "{A3F8D6A7-B916-4024-9DD2-F0A9DB54642A}"
EndProject
Project("{FAE04EC0-301F-11D3-BF4B-00C04F79EFBC}") = "Ejercicio12", "Ejercicio12\Ejercicio12.csproj", "{A6275899-E1B9-4EF4-A4C3-6930DDADA9EE}"
EndProject
Project("{FAE04EC0-301F-11D3-BF4B-00C04F79EFBC}") = "Ejercicio13", "Ejercicio13\Ejercicio13.csproj", "{23F3EF5E-3A23-4C4A-BDBA-B130C4EA9BE1}"
EndProject
Project("{FAE04EC0-301F-11D3-BF4B-00C04F79EFBC}") = "Ejercicio14", "Ejercicio14\Ejercicio14.csproj", "{9CF93FCC-3482-42D9-BC88-A6F3BEF75519}"
EndProject
Project("{FAE04EC0-301F-11D3-BF4B-00C04F79EFBC}") = "Ejercicio15", "Ejercicio15\Ejercicio15.csproj", "{40C16675-EDA0-444F-9E83-CE65FAFA8C5E}"
EndProject
Global
	GlobalSection(SolutionConfigurationPlatforms) = preSolution
		Debug|Any CPU = Debug|Any CPU
		Release|Any CPU = Release|Any CPU
	EndGlobalSection
	GlobalSection(ProjectConfigurationPlatforms) = postSolution
		{AB509FA2-0ACD-4D57-8329-8AFB85EE5B27}.Debug|Any CPU.ActiveCfg = Debug|Any CPU
		{AB509FA2-0ACD-4D57-8329-8AFB85EE5B27}.Debug|Any CPU.Build.0 = Debug|Any CPU
		{AB509FA2-0ACD-4D57-8329-8AFB85EE5B27}.Release|Any CPU.ActiveCfg = Release|Any CPU
		{AB509FA2-0ACD-4D57-8329-8AFB85EE5B27}.Release|Any CPU.Build.0 = Release|Any CPU
		{D3375B8B-0150-4C0D-94D1-38E9976C4FC3}.Debug|Any CPU.ActiveCfg = Debug|Any CPU
		{D3375B8B-0150-4C0D-94D1-38E9976C4FC3}.Debug|Any CPU.Build.0 = Debug|Any CPU
		{D3375B8B-0150-4C0D-94D1-38E9976C4FC3}.Release|Any CPU.ActiveCfg = Release|Any CPU
		{D3375B8B-0150-4C0D-94D1-38E9976C4FC3}.Release|Any CPU.Build.0 = Release|Any CPU
		{C9B9FE52-AD73-4DE3-8E51-EFE12C838AB7}.Debug|Any CPU.ActiveCfg = Debug|Any CPU
		{C9B9FE52-AD73-4DE3-8E51-EFE12C838AB7}.Debug|Any CPU.Build.0 = Debug|Any CPU
		{C9B9FE52-AD73-4DE3-8E51-EFE12C838AB7}.Release|Any CPU.ActiveCfg = Release|Any CPU
		{C9B9FE52-AD73-4DE3-8E51-EFE12C838AB7}.Release|Any CPU.Build.0 = Release|Any CPU
		{F79B7CE7-A0E3-4894-8042-E4BD0C790FD1}.Debug|Any CPU.ActiveCfg = Debug|Any CPU
		{F79B7CE7-A0E3-4894-8042-E4BD0C790FD1}.Debug|Any CPU.Build.0 = Debug|Any CPU
		{F79B7CE7-A0E3-4894-8042-E4BD0C790FD1}.Release|Any CPU.ActiveCfg = Release|Any CPU
		{F79B7CE7-A0E3-4894-8042-E4BD0C790FD1}.Release|Any CPU.Build.0 = Release|Any CPU
		{128A9780-9955-458E-B3AE-6BA1758A15B8}.Debug|Any CPU.ActiveCfg = Debug|Any CPU
		{128A9780-9955-458E-B3AE-6BA1758A15B8}.Debug|Any CPU.Build.0 = Debug|Any CPU
		{128A9780-9955-458E-B3AE-6BA1758A15B8}.Release|Any CPU.ActiveCfg = Release|Any CPU
		{128A9780-9955-458E-B3AE-6BA1758A15B8}.Release|Any CPU.Build.0 = Release|Any CPU
		{B4C0DD18-741F-42DA-BAE7-3B7FF0DED0AB}.Debug|Any CPU.ActiveCfg = Debug|Any CPU
		{B4C0DD18-741F-42DA-BAE7-3B7FF0DED0AB}.Debug|Any CPU.Build.0 = Debug|Any CPU
		{B4C0DD18-741F-42DA-BAE7-3B7FF0DED0AB}.Release|Any CPU.ActiveCfg = Release|Any CPU
		{B4C0DD18-741F-42DA-BAE7-3B7FF0DED0AB}.Release|Any CPU.Build.0 = Release|Any CPU
		{1DB62D0E-2D7B-4F7C-AC10-AC7CAECC03F3}.Debug|Any CPU.ActiveCfg = Debug|Any CPU
		{1DB62D0E-2D7B-4F7C-AC10-AC7CAECC03F3}.Debug|Any CPU.Build.0 = Debug|Any CPU
		{1DB62D0E-2D7B-4F7C-AC10-AC7CAECC03F3}.Release|Any CPU.ActiveCfg = Release|Any CPU
		{1DB62D0E-2D7B-4F7C-AC10-AC7CAECC03F3}.Release|Any CPU.Build.0 = Release|Any CPU
		{4633E130-53DA-4D0A-9375-A59D34540FE4}.Debug|Any CPU.ActiveCfg = Debug|Any CPU
		{4633E130-53DA-4D0A-9375-A59D34540FE4}.Debug|Any CPU.Build.0 = Debug|Any CPU
		{4633E130-53DA-4D0A-9375-A59D34540FE4}.Release|Any CPU.ActiveCfg = Release|Any CPU
		{4633E130-53DA-4D0A-9375-A59D34540FE4}.Release|Any CPU.Build.0 = Release|Any CPU
		{6440153F-7315-448E-98E6-A8D0B393873F}.Debug|Any CPU.ActiveCfg = Debug|Any CPU
		{6440153F-7315-448E-98E6-A8D0B393873F}.Debug|Any CPU.Build.0 = Debug|Any CPU
		{6440153F-7315-448E-98E6-A8D0B393873F}.Release|Any CPU.ActiveCfg = Release|Any CPU
		{6440153F-7315-448E-98E6-A8D0B393873F}.Release|Any CPU.Build.0 = Release|Any CPU
		{344292CC-AA64-4491-B638-D48BAD2AFCCE}.Debug|Any CPU.ActiveCfg = Debug|Any CPU
		{344292CC-AA64-4491-B638-D48BAD2AFCCE}.Debug|Any CPU.Build.0 = Debug|Any CPU
		{344292CC-AA64-4491-B638-D48BAD2AFCCE}.Release|Any CPU.ActiveCfg = Release|Any CPU
		{344292CC-AA64-4491-B638-D48BAD2AFCCE}.Release|Any CPU.Build.0 = Release|Any CPU
		{A3F8D6A7-B916-4024-9DD2-F0A9DB54642A}.Debug|Any CPU.ActiveCfg = Debug|Any CPU
		{A3F8D6A7-B916-4024-9DD2-F0A9DB54642A}.Debug|Any CPU.Build.0 = Debug|Any CPU
		{A3F8D6A7-B916-4024-9DD2-F0A9DB54642A}.Release|Any CPU.ActiveCfg = Release|Any CPU
		{A3F8D6A7-B916-4024-9DD2-F0A9DB54642A}.Release|Any CPU.Build.0 = Release|Any CPU
		{A6275899-E1B9-4EF4-A4C3-6930DDADA9EE}.Debug|Any CPU.ActiveCfg = Debug|Any CPU
		{A6275899-E1B9-4EF4-A4C3-6930DDADA9EE}.Debug|Any CPU.Build.0 = Debug|Any CPU
		{A6275899-E1B9-4EF4-A4C3-6930DDADA9EE}.Release|Any CPU.ActiveCfg = Release|Any CPU
		{A6275899-E1B9-4EF4-A4C3-6930DDADA9EE}.Release|Any CPU.Build.0 = Release|Any CPU
		{23F3EF5E-3A23-4C4A-BDBA-B130C4EA9BE1}.Debug|Any CPU.ActiveCfg = Debug|Any CPU
		{23F3EF5E-3A23-4C4A-BDBA-B130C4EA9BE1}.Debug|Any CPU.Build.0 = Debug|Any CPU
		{23F3EF5E-3A23-4C4A-BDBA-B130C4EA9BE1}.Release|Any CPU.ActiveCfg = Release|Any CPU
		{23F3EF5E-3A23-4C4A-BDBA-B130C4EA9BE1}.Release|Any CPU.Build.0 = Release|Any CPU
		{9CF93FCC-3482-42D9-BC88-A6F3BEF75519}.Debug|Any CPU.ActiveCfg = Debug|Any CPU
		{9CF93FCC-3482-42D9-BC88-A6F3BEF75519}.Debug|Any CPU.Build.0 = Debug|Any CPU
		{9CF93FCC-3482-42D9-BC88-A6F3BEF75519}.Release|Any CPU.ActiveCfg = Release|Any CPU
		{9CF93FCC-3482-42D9-BC88-A6F3BEF75519}.Release|Any CPU.Build.0 = Release|Any CPU
		{40C16675-EDA0-444F-9E83-CE65FAFA8C5E}.Debug|Any CPU.ActiveCfg = Debug|Any CPU
		{40C16675-EDA0-444F-9E83-CE65FAFA8C5E}.Debug|Any CPU.Build.0 = Debug|Any CPU
		{40C16675-EDA0-444F-9E83-CE65FAFA8C5E}.Release|Any CPU.ActiveCfg = Release|Any CPU
		{40C16675-EDA0-444F-9E83-CE65FAFA8C5E}.Release|Any CPU.Build.0 = Release|Any CPU
	EndGlobalSection
	GlobalSection(SolutionProperties) = preSolution
		HideSolutionNode = FALSE
	EndGlobalSection
	GlobalSection(ExtensibilityGlobals) = postSolution
		SolutionGuid = {B1CE8B6E-31BA-4F1F-B178-53D2F766DDC6}
	EndGlobalSection
EndGlobal
